PODS:
  - Flutter (1.0.0)
  - flutter_zoom_videosdk (0.0.1):
    - Flutter
    - ZoomVideoSDK/CptShare (= 2.3.0)
    - ZoomVideoSDK/zm_annoter_dynamic (= 2.3.0)
    - ZoomVideoSDK/zoomcml (= 2.3.0)
    - ZoomVideoSDK/ZoomVideoSDK (= 2.3.0)
  - permission_handler_apple (9.3.0):
    - Flutter
  - ZoomVideoSDK/CptShare (2.3.0)
  - ZoomVideoSDK/zm_annoter_dynamic (2.3.0)
  - ZoomVideoSDK/zoomcml (2.3.0)
  - ZoomVideoSDK/ZoomVideoSDK (2.3.0)

DEPENDENCIES:
  - Flutter (from `Flutter`)
  - flutter_zoom_videosdk (from `.symlinks/plugins/flutter_zoom_videosdk/ios`)
  - permission_handler_apple (from `.symlinks/plugins/permission_handler_apple/ios`)

SPEC REPOS:
  trunk:
    - ZoomVideoSDK

EXTERNAL SOURCES:
  Flutter:
    :path: Flutter
  flutter_zoom_videosdk:
    :path: ".symlinks/plugins/flutter_zoom_videosdk/ios"
  permission_handler_apple:
    :path: ".symlinks/plugins/permission_handler_apple/ios"

SPEC CHECKSUMS:
  Flutter: cabc95a1d2626b1b06e7179b784ebcf0c0cde467
  flutter_zoom_videosdk: d46fba88a0033042de90c77a3ac90b4d79ab130c
  permission_handler_apple: 4ed2196e43d0651e8ff7ca3483a069d469701f2d
  ZoomVideoSDK: e58f52e5f1d6c4bc46bcc7bd6875f916135fa2a2

PODFILE CHECKSUM: 92906b04914919e75004799b609448ddd7c0a72e

COCOAPODS: 1.16.2
