PODS:
  - Flutter (1.0.0)
  - flutter_zoom_videosdk (0.0.1):
    - Flutter
    - ZoomVideoSDK/CptShare (= 2.4.0)
    - ZoomVideoSDK/Whiteboard (= 2.4.0)
    - ZoomVideoSDK/zm_annoter_dynamic (= 2.4.0)
    - ZoomVideoSDK/zoomcml (= 2.4.0)
    - ZoomVideoSDK/ZoomTask (= 2.4.0)
    - ZoomVideoSDK/ZoomVideoSDK (= 2.4.0)
  - permission_handler_apple (9.3.0):
    - Flutter
  - ZoomVideoSDK/CptShare (2.4.0)
  - ZoomVideoSDK/Whiteboard (2.4.0)
  - ZoomVideoSDK/zm_annoter_dynamic (2.4.0)
  - ZoomVideoSDK/zoomcml (2.4.0)
  - ZoomVideoSDK/ZoomTask (2.4.0)
  - ZoomVideoSDK/ZoomVideoSDK (2.4.0)

DEPENDENCIES:
  - Flutter (from `Flutter`)
  - flutter_zoom_videosdk (from `.symlinks/plugins/flutter_zoom_videosdk/ios`)
  - permission_handler_apple (from `.symlinks/plugins/permission_handler_apple/ios`)

SPEC REPOS:
  trunk:
    - ZoomVideoSDK

EXTERNAL SOURCES:
  Flutter:
    :path: Flutter
  flutter_zoom_videosdk:
    :path: ".symlinks/plugins/flutter_zoom_videosdk/ios"
  permission_handler_apple:
    :path: ".symlinks/plugins/permission_handler_apple/ios"

SPEC CHECKSUMS:
  Flutter: cabc95a1d2626b1b06e7179b784ebcf0c0cde467
  flutter_zoom_videosdk: be460c52fbdd85b73ec93a3ef1f0b48c7f71beb4
  permission_handler_apple: 4ed2196e43d0651e8ff7ca3483a069d469701f2d
  ZoomVideoSDK: c3ac797074847382d9b539044d77f5971d6b62cd

PODFILE CHECKSUM: 29aa8aea1288a3e4d4cdad7c8b23cdf932620618

COCOAPODS: 1.16.2
